
Microsoft Visual Studio Solution File, Format Version 12.00
# Visual Studio Version 17
VisualStudioVersion = 17.9.34607.119
MinimumVisualStudioVersion = 10.0.40219.1
Project("{FAE04EC0-301F-11D3-BF4B-00C04F79EFBC}") = "Project03", "Project03.csproj", "{F35975D4-9751-4459-B1EF-02FAD9A40632}"
EndProject
Global
	GlobalSection(SolutionConfigurationPlatforms) = preSolution
		Debug|Any CPU = Debug|Any CPU
		Release|Any CPU = Release|Any CPU
	EndGlobalSection
	GlobalSection(ProjectConfigurationPlatforms) = postSolution
		{F35975D4-9751-4459-B1EF-02FAD9A40632}.Debug|Any CPU.ActiveCfg = Debug|Any CPU
		{F35975D4-9751-4459-B1EF-02FAD9A40632}.Debug|Any CPU.Build.0 = Debug|Any CPU
		{F35975D4-9751-4459-B1EF-02FAD9A40632}.Release|Any CPU.ActiveCfg = Release|Any CPU
		{F35975D4-9751-4459-B1EF-02FAD9A40632}.Release|Any CPU.Build.0 = Release|Any CPU
	EndGlobalSection
	GlobalSection(SolutionProperties) = preSolution
		HideSolutionNode = FALSE
	EndGlobalSection
	GlobalSection(ExtensibilityGlobals) = postSolution
		SolutionGuid = {945E762B-C93F-468F-9898-7426CA53FDA0}
	EndGlobalSection
EndGlobal
